{
  "version": 4,
  "terraform_version": "1.1.6",
  "serial": 90,
  "lineage": "a56ab676-2372-722c-dfdb-08164613aa12",
  "outputs": {},
  "resources": [
    {
      "mode": "managed",
      "type": "ionoscloud_datacenter",
      "name": "terraform-wp-db-external",
      "provider": "provider[\"registry.terraform.io/ionos-cloud/ionoscloud\"]",
      "instances": [
        {
          "schema_version": 0,
          "attributes": {
            "cpu_architecture": [
              {
                "cpu_family": "AMD_OPTERON",
                "max_cores": 20,
                "max_ram": 49152,
                "vendor": "AuthenticAMD"
              },
              {
                "cpu_family": "INTEL_XEON",
                "max_cores": 20,
                "max_ram": 49152,
                "vendor": "GenuineIntel"
              }
            ],
            "description": "terraform sandbox bash script",
            "features": [
              "cloud-init",
              "cloud-init-private-image",
              "contract-identities",
              "cpu-hot-plug",
              "disk-vio-hot-plug",
              "disk-vio-hot-unplug",
              "flow-logs",
              "k8s",
              "mem-hot-plug",
              "monitoring",
              "nic-hot-plug",
              "nic-hot-unplug",
              "private-loadbalancer",
              "ssd",
              "ssd-storage-zoning",
              "vnf-cidr",
              "vnf-fw",
              "vnf-lb",
              "vnf-nat"
            ],
            "id": "15c3f5ac-a4b1-47ac-9eff-22564906c25c",
            "location": "us/ewr",
            "name": "terraform-wp1",
            "sec_auth_protection": false,
            "timeouts": null,
            "version": 1
          },
          "sensitive_attributes": [],
          "private": "eyJlMmJmYjczMC1lY2FhLTExZTYtOGY4OC0zNDM2M2JjN2M0YzAiOnsiY3JlYXRlIjozNjAwMDAwMDAwMDAwLCJkZWZhdWx0IjozNjAwMDAwMDAwMDAwLCJkZWxldGUiOjM2MDAwMDAwMDAwMDAsInJlYWQiOjM2MDAwMDAwMDAwMDAsInVwZGF0ZSI6MzYwMDAwMDAwMDAwMH19"
        }
      ]
    },
    {
      "mode": "managed",
      "type": "ionoscloud_ipblock",
      "name": "mysqltest",
      "provider": "provider[\"registry.terraform.io/ionos-cloud/ionoscloud\"]",
      "instances": [
        {
          "schema_version": 0,
          "attributes": {
            "id": "298d263c-2751-4d34-96ce-0a70c6aefd8b",
            "ip_consumers": null,
            "ips": [
              "192.206.141.16"
            ],
            "location": "us/ewr",
            "name": "IP_BLOCK_2022-03-21T14:49:31Z",
            "size": 1,
            "timeouts": null
          },
          "sensitive_attributes": [],
          "private": "eyJlMmJmYjczMC1lY2FhLTExZTYtOGY4OC0zNDM2M2JjN2M0YzAiOnsiY3JlYXRlIjozNjAwMDAwMDAwMDAwLCJkZWZhdWx0IjozNjAwMDAwMDAwMDAwLCJkZWxldGUiOjM2MDAwMDAwMDAwMDAsInJlYWQiOjM2MDAwMDAwMDAwMDAsInVwZGF0ZSI6MzYwMDAwMDAwMDAwMH19"
        }
      ]
    },
    {
      "mode": "managed",
      "type": "ionoscloud_lan",
      "name": "terraform-lan-1",
      "provider": "provider[\"registry.terraform.io/ionos-cloud/ionoscloud\"]",
      "instances": [
        {
          "schema_version": 0,
          "attributes": {
            "datacenter_id": "15c3f5ac-a4b1-47ac-9eff-22564906c25c",
            "id": "2",
            "ip_failover": null,
            "name": "lan",
            "pcc": null,
            "public": false,
            "timeouts": null
          },
          "sensitive_attributes": [],
          "private": "eyJlMmJmYjczMC1lY2FhLTExZTYtOGY4OC0zNDM2M2JjN2M0YzAiOnsiY3JlYXRlIjozNjAwMDAwMDAwMDAwLCJkZWZhdWx0IjozNjAwMDAwMDAwMDAwLCJkZWxldGUiOjM2MDAwMDAwMDAwMDAsInJlYWQiOjM2MDAwMDAwMDAwMDAsInVwZGF0ZSI6MzYwMDAwMDAwMDAwMH19",
          "dependencies": [
            "ionoscloud_datacenter.terraform-wp-db-external",
            "ionoscloud_lan.terraform-wan-1"
          ]
        }
      ]
    },
    {
      "mode": "managed",
      "type": "ionoscloud_lan",
      "name": "terraform-wan-1",
      "provider": "provider[\"registry.terraform.io/ionos-cloud/ionoscloud\"]",
      "instances": [
        {
          "schema_version": 0,
          "attributes": {
            "datacenter_id": "15c3f5ac-a4b1-47ac-9eff-22564906c25c",
            "id": "1",
            "ip_failover": null,
            "name": "wan",
            "pcc": null,
            "public": true,
            "timeouts": null
          },
          "sensitive_attributes": [],
          "private": "eyJlMmJmYjczMC1lY2FhLTExZTYtOGY4OC0zNDM2M2JjN2M0YzAiOnsiY3JlYXRlIjozNjAwMDAwMDAwMDAwLCJkZWZhdWx0IjozNjAwMDAwMDAwMDAwLCJkZWxldGUiOjM2MDAwMDAwMDAwMDAsInJlYWQiOjM2MDAwMDAwMDAwMDAsInVwZGF0ZSI6MzYwMDAwMDAwMDAwMH19",
          "dependencies": [
            "ionoscloud_datacenter.terraform-wp-db-external"
          ]
        }
      ]
    },
    {
      "mode": "managed",
      "type": "ionoscloud_natgateway",
      "name": "ngw",
      "provider": "provider[\"registry.terraform.io/ionos-cloud/ionoscloud\"]",
      "instances": [
        {
          "schema_version": 0,
          "attributes": {
            "datacenter_id": "15c3f5ac-a4b1-47ac-9eff-22564906c25c",
            "id": "55764843-46ef-4de8-aea5-590ac1fe9dab",
            "lans": [
              {
                "gateway_ips": [
                  "192.168.10.1/24"
                ],
                "id": 2
              }
            ],
            "name": "ngw",
            "public_ips": [
              "192.206.141.16"
            ],
            "timeouts": null
          },
          "sensitive_attributes": [],
          "private": "eyJlMmJmYjczMC1lY2FhLTExZTYtOGY4OC0zNDM2M2JjN2M0YzAiOnsiY3JlYXRlIjozNjAwMDAwMDAwMDAwLCJkZWZhdWx0IjozNjAwMDAwMDAwMDAwLCJkZWxldGUiOjM2MDAwMDAwMDAwMDAsInJlYWQiOjM2MDAwMDAwMDAwMDAsInVwZGF0ZSI6MzYwMDAwMDAwMDAwMH19",
          "dependencies": [
            "ionoscloud_datacenter.terraform-wp-db-external",
            "ionoscloud_ipblock.mysqltest",
            "ionoscloud_lan.terraform-lan-1",
            "ionoscloud_lan.terraform-wan-1"
          ]
        }
      ]
    },
    {
      "mode": "managed",
      "type": "ionoscloud_natgateway_rule",
      "name": "all-out",
      "provider": "provider[\"registry.terraform.io/ionos-cloud/ionoscloud\"]",
      "instances": [
        {
          "schema_version": 0,
          "attributes": {
            "datacenter_id": "15c3f5ac-a4b1-47ac-9eff-22564906c25c",
            "id": "a6780f29-0a9e-4a92-83b4-34057c6d4009",
            "name": "All-out",
            "natgateway_id": "55764843-46ef-4de8-aea5-590ac1fe9dab",
            "protocol": "ALL",
            "public_ip": "192.206.141.16",
            "source_subnet": "192.168.10.0/24",
            "target_port_range": null,
            "target_subnet": "0.0.0.0/0",
            "timeouts": null,
            "type": "SNAT"
          },
          "sensitive_attributes": [],
          "private": "eyJlMmJmYjczMC1lY2FhLTExZTYtOGY4OC0zNDM2M2JjN2M0YzAiOnsiY3JlYXRlIjozNjAwMDAwMDAwMDAwLCJkZWZhdWx0IjozNjAwMDAwMDAwMDAwLCJkZWxldGUiOjM2MDAwMDAwMDAwMDAsInJlYWQiOjM2MDAwMDAwMDAwMDAsInVwZGF0ZSI6MzYwMDAwMDAwMDAwMH19",
          "dependencies": [
            "ionoscloud_datacenter.terraform-wp-db-external",
            "ionoscloud_ipblock.mysqltest",
            "ionoscloud_lan.terraform-lan-1",
            "ionoscloud_lan.terraform-wan-1",
            "ionoscloud_natgateway.ngw"
          ]
        }
      ]
    },
    {
      "mode": "managed",
      "type": "ionoscloud_nic",
      "name": "terraform-wp1-nic2",
      "provider": "provider[\"registry.terraform.io/ionos-cloud/ionoscloud\"]",
      "instances": [
        {
          "schema_version": 0,
          "attributes": {
            "datacenter_id": "15c3f5ac-a4b1-47ac-9eff-22564906c25c",
            "device_number": null,
            "dhcp": false,
            "firewall_active": false,
            "firewall_type": "INGRESS",
            "id": "29440391-a145-4221-a799-f77ac4146b7e",
            "ips": [
              "192.168.10.10"
            ],
            "lan": 2,
            "mac": "02:01:5a:c4:fa:fa",
            "name": null,
            "pci_slot": 7,
            "server_id": "20387462-8496-4073-9163-c7069ed1f2b1",
            "timeouts": null
          },
          "sensitive_attributes": [],
          "private": "eyJlMmJmYjczMC1lY2FhLTExZTYtOGY4OC0zNDM2M2JjN2M0YzAiOnsiY3JlYXRlIjozNjAwMDAwMDAwMDAwLCJkZWZhdWx0IjozNjAwMDAwMDAwMDAwLCJkZWxldGUiOjM2MDAwMDAwMDAwMDAsInJlYWQiOjM2MDAwMDAwMDAwMDAsInVwZGF0ZSI6MzYwMDAwMDAwMDAwMH19",
          "dependencies": [
            "ionoscloud_datacenter.terraform-wp-db-external",
            "ionoscloud_ipblock.mysqltest",
            "ionoscloud_lan.terraform-lan-1",
            "ionoscloud_lan.terraform-wan-1",
            "ionoscloud_natgateway.ngw",
            "ionoscloud_natgateway_rule.all-out",
            "ionoscloud_server.terraform-db1",
            "ionoscloud_server.terraform-wp1"
          ]
        }
      ]
    },
    {
      "mode": "managed",
      "type": "ionoscloud_server",
      "name": "terraform-db1",
      "provider": "provider[\"registry.terraform.io/ionos-cloud/ionoscloud\"]",
      "instances": [
        {
          "schema_version": 0,
          "attributes": {
            "availability_zone": "AUTO",
            "boot_cdrom": null,
            "boot_image": "05b9bdbb-e311-11eb-a927-824af8c35c96",
            "boot_volume": "1a4205de-4758-4cd5-81e7-b5cb1916b014",
            "cores": 2,
            "cpu_family": "AMD_OPTERON",
            "datacenter_id": "15c3f5ac-a4b1-47ac-9eff-22564906c25c",
            "firewallrule_id": null,
            "id": "dd4bdbf6-1686-4a5b-938c-67cf8da4dc66",
            "image_name": "ubuntu",
            "image_password": "123456789",
            "name": "terraform-db1",
            "nic": [
              {
                "device_number": 0,
                "dhcp": false,
                "firewall": [],
                "firewall_active": false,
                "firewall_type": "INGRESS",
                "ips": [
                  "192.168.10.20"
                ],
                "lan": 2,
                "mac": "02:01:6d:28:db:b7",
                "name": "lan",
                "pci_slot": 0
              }
            ],
            "primary_ip": "192.168.10.20",
            "primary_nic": "1b542178-6c23-4688-8d37-c7482e3af190",
            "ram": 4096,
            "ssh_key_path": [
              "/home/seth/.ssh/id_ed25519.pub"
            ],
            "template_uuid": null,
            "timeouts": null,
            "type": "ENTERPRISE",
            "volume": [
              {
                "availability_zone": "AUTO",
                "backup_unit_id": "",
                "boot_server": "dd4bdbf6-1686-4a5b-938c-67cf8da4dc66",
                "bus": "VIRTIO",
                "cpu_hot_plug": true,
                "device_number": 1,
                "disc_virtio_hot_plug": true,
                "disc_virtio_hot_unplug": true,
                "disk_type": "HDD",
                "image_name": "",
                "image_password": "",
                "licence_type": "LINUX",
                "name": "terraform-db1-vol1",
                "nic_hot_plug": true,
                "nic_hot_unplug": true,
                "pci_slot": 0,
                "ram_hot_plug": true,
                "size": 50,
                "ssh_key_path": [],
                "user_data": "I2Nsb3VkLWNvbmZpZwoKd3JpdGVfZmlsZXM6Ci0gcGF0aDogL2V0Yy9jbG91ZC9jbG91ZC5jZmcuZC85OS1jdXN0b20tbmV0d29ya2luZy5jZmcKICBwZXJtaXNzaW9uczogJzA2NDQnCiAgY29udGVudDogfAogICAgbmV0d29yazoge2NvbmZpZzogZGlzYWJsZWR9Ci0gcGF0aDogL2V0Yy9uZXRwbGFuL2NvbmZpZy55YW1sCiAgcGVybWlzc2lvbnM6ICcwNjQ0JwogIGNvbnRlbnQ6IHwKICAgIG5ldHdvcms6CiAgICAgICAgdmVyc2lvbjogMgogICAgICAgIGV0aGVybmV0czoKICAgICAgICAgICAgZW5zNjoKICAgICAgICAgICAgICAgIGRoY3A0OiBmYWxzZQogICAgICAgICAgICAgICAgYWRkcmVzc2VzOiBbMTkyLjE2OC4xMC4yMC8yNF0KICAgICAgICAgICAgICAgIGdhdGV3YXk0OiAxOTIuMTY4LjEwLjEKICAgICAgICAgICAgICAgIG5hbWVzZXJ2ZXJzOgogICAgICAgICAgICAgICAgICBhZGRyZXNzZXM6IFsxLjEuMS4xXQoKCgpydW5jbWQ6CiAtIGVjaG8gInJ1bmNtZCBzdGFydCIKIC0gcm0gL2V0Yy9uZXRwbGFuLzUwLWNsb3VkLWluaXQueWFtbAogLSBybSAvZXRjL25ldHBsYW4vMDEtbmV0Y2ZnLnlhbWwKIC0gbmV0cGxhbiBnZW5lcmF0ZQogLSBuZXRwbGFuIGFwcGx5CiAtIHNsZWVwIDEwCiMgIFNldCBkZXNpcmVkIERCbmFtZSB1c2VybmFtZSBhbmQgcGFzc3dvcmQgYmVsb3csIHdpbGwgbmVlZCB0byBwcm92aWRlIHNhbWUgaW5mb3JtYXRpb24gaW4gd3AtaW5zdGFsbCBzZWN0aW9uCiAtIGV4cG9ydCBkYl9uYW1lPSJ0ZXN0ZGIiCiAtIGV4cG9ydCBkYl91c2VyPSJ3cHVzZXIiCiAtIGV4cG9ydCBkYl9wYXNzd29yZD0icGFzc3dvcmQxMjM0IgojICBlbmQgZGIgY3JlZGVudGlhbHMKIC0gYXB0IHVwZGF0ZQogLSBhcHQgaW5zdGFsbCAteSBteXNxbC1zZXJ2ZXIKIyAgY2hhbmdlIHJlcG8gYmVsb3cgZm9yIHByb2QgcmVsZWFzZQogLSBnaXQgY2xvbmUgaHR0cHM6Ly9naXRodWIuY29tL2h1ZWdvdHQvd3AtZXh0LWRiIC90bXAvbXlzcWwtY2xvdWQtaW5pdAogLSBjaG1vZCAreCAvdG1wL215c3FsLWNsb3VkLWluaXQvbXlzcWwtaW5zdGFsbC5zaAogLSAvdG1wL215c3FsLWNsb3VkLWluaXQvbXlzcWwtaW5zdGFsbC5zaAogLSBlY2hvICJydW5jbWQgY29tcGxldGUi"
              }
            ]
          },
          "sensitive_attributes": [],
          "private": "eyJlMmJmYjczMC1lY2FhLTExZTYtOGY4OC0zNDM2M2JjN2M0YzAiOnsiY3JlYXRlIjozNjAwMDAwMDAwMDAwLCJkZWZhdWx0IjozNjAwMDAwMDAwMDAwLCJkZWxldGUiOjM2MDAwMDAwMDAwMDAsInJlYWQiOjM2MDAwMDAwMDAwMDAsInVwZGF0ZSI6MzYwMDAwMDAwMDAwMH19",
          "dependencies": [
            "ionoscloud_datacenter.terraform-wp-db-external",
            "ionoscloud_ipblock.mysqltest",
            "ionoscloud_lan.terraform-lan-1",
            "ionoscloud_lan.terraform-wan-1",
            "ionoscloud_natgateway.ngw",
            "ionoscloud_natgateway_rule.all-out"
          ]
        }
      ]
    },
    {
      "mode": "managed",
      "type": "ionoscloud_server",
      "name": "terraform-wp1",
      "provider": "provider[\"registry.terraform.io/ionos-cloud/ionoscloud\"]",
      "instances": [
        {
          "schema_version": 0,
          "attributes": {
            "availability_zone": "AUTO",
            "boot_cdrom": null,
            "boot_image": "05b9bdbb-e311-11eb-a927-824af8c35c96",
            "boot_volume": "6454d718-dcf5-42ba-bc08-0654088f378c",
            "cores": 2,
            "cpu_family": "AMD_OPTERON",
            "datacenter_id": "15c3f5ac-a4b1-47ac-9eff-22564906c25c",
            "firewallrule_id": null,
            "id": "20387462-8496-4073-9163-c7069ed1f2b1",
            "image_name": "ubuntu",
            "image_password": "123456789",
            "name": "terraform-wp1",
            "nic": [
              {
                "device_number": 0,
                "dhcp": true,
                "firewall": [],
                "firewall_active": false,
                "firewall_type": "INGRESS",
                "ips": [
                  "192.206.141.183"
                ],
                "lan": 1,
                "mac": "02:01:8c:45:2e:c2",
                "name": "WAN",
                "pci_slot": 0
              }
            ],
            "primary_ip": "192.206.141.183",
            "primary_nic": "204aa8a7-8b67-446b-96d0-613ded9c5ab3",
            "ram": 4096,
            "ssh_key_path": [
              "/home/seth/.ssh/id_ed25519.pub"
            ],
            "template_uuid": null,
            "timeouts": null,
            "type": "ENTERPRISE",
            "volume": [
              {
                "availability_zone": "AUTO",
                "backup_unit_id": "",
                "boot_server": "20387462-8496-4073-9163-c7069ed1f2b1",
                "bus": "VIRTIO",
                "cpu_hot_plug": true,
                "device_number": 1,
                "disc_virtio_hot_plug": true,
                "disc_virtio_hot_unplug": true,
                "disk_type": "HDD",
                "image_name": "",
                "image_password": "",
                "licence_type": "LINUX",
                "name": "terraform-wp1-vol1",
                "nic_hot_plug": true,
                "nic_hot_unplug": true,
                "pci_slot": 0,
                "ram_hot_plug": true,
                "size": 50,
                "ssh_key_path": [],
                "user_data": "I2Nsb3VkLWNvbmZpZwp3cml0ZV9maWxlczoKLSBwYXRoOiAvZXRjL2Nsb3VkL2Nsb3VkLmNmZy5kLzk5LWN1c3RvbS1uZXR3b3JraW5nLmNmZwogIHBlcm1pc3Npb25zOiAnMDY0NCcKICBjb250ZW50OiB8CiAgICBuZXR3b3JrOiB7Y29uZmlnOiBkaXNhYmxlZH0KLSBwYXRoOiAvZXRjL25ldHBsYW4vY29uZmlnLnlhbWwKICBwZXJtaXNzaW9uczogJzA2NDQnCiAgY29udGVudDogfAogICAgbmV0d29yazoKICAgICAgICB2ZXJzaW9uOiAyCiAgICAgICAgZXRoZXJuZXRzOgogICAgICAgICAgICBlbnM2OgogICAgICAgICAgICAgICAgZGhjcDQ6IHRydWUgICAgICAgICAgICAgICAgICAgICAgICAgICAgIAogICAgICAgICAgICBlbnM3OgogICAgICAgICAgICAgICAgZGhjcDQ6IGZhbHNlCiAgICAgICAgICAgICAgICBhZGRyZXNzZXM6IFsxOTIuMTY4LjEwLjEwLzI0XSAgCgpydW5jbWQ6CiAtIGVjaG8gInJ1bmNtZCBzdGFydCIKIC0gcm0gL2V0Yy9uZXRwbGFuLzUwLWNsb3VkLWluaXQueWFtbAogLSBybSAvZXRjL25ldHBsYW4vMDEtbmV0Y2ZnLnlhbWwKIC0gbmV0cGxhbiBnZW5lcmF0ZQogLSBuZXRwbGFuIGFwcGx5CiAtIHNsZWVwIDMwCiAtIGFwdCB1cGRhdGUKIC0gYXB0IGluc3RhbGwgLXkgYXBhY2hlMgojICBzZXQgZGIgY3JlZGVudGlhbHMgYmVsb3cKIC0gZXhwb3J0IGRiX25hbWU9InRlc3RkYiIKIC0gZXhwb3J0IGRiX3VzZXI9IndwdXNlciIKIC0gZXhwb3J0IGRiX3Bhc3N3b3JkPSJwYXNzd29yZDEyMzQiCiAtIGV4cG9ydCBkYl9ob3N0PSIxOTIuMTY4LjEwLjIwIgojICBlbmQgZGIgY3JlZGVudGlhbHMKIC0gZ2l0IGNsb25lIGh0dHBzOi8vZ2l0aHViLmNvbS9odWVnb3R0L3dwLWV4dC1kYiAvdG1wL3dwLWluc3RhbGwKIC0gY2htb2QgK3ggL3RtcC93cC1pbnN0YWxsL3dwLWluc3RhbGwuc2gKIC0gL3RtcC93cC1pbnN0YWxsL3dwLWluc3RhbGwuc2g="
              }
            ]
          },
          "sensitive_attributes": [],
          "private": "eyJlMmJmYjczMC1lY2FhLTExZTYtOGY4OC0zNDM2M2JjN2M0YzAiOnsiY3JlYXRlIjozNjAwMDAwMDAwMDAwLCJkZWZhdWx0IjozNjAwMDAwMDAwMDAwLCJkZWxldGUiOjM2MDAwMDAwMDAwMDAsInJlYWQiOjM2MDAwMDAwMDAwMDAsInVwZGF0ZSI6MzYwMDAwMDAwMDAwMH19",
          "dependencies": [
            "ionoscloud_datacenter.terraform-wp-db-external",
            "ionoscloud_ipblock.mysqltest",
            "ionoscloud_lan.terraform-lan-1",
            "ionoscloud_lan.terraform-wan-1",
            "ionoscloud_natgateway.ngw",
            "ionoscloud_natgateway_rule.all-out",
            "ionoscloud_server.terraform-db1"
          ]
        }
      ]
    }
  ]
}
